
Microsoft Visual Studio Solution File, Format Version 12.00
# Visual Studio Version 17
VisualStudioVersion = 17.5.002.0
MinimumVisualStudioVersion = 10.0.40219.1
Project("{9A19103F-16F7-4668-BE54-9A1E7A4F7556}") = "day-1", "day-1.csproj", "{C57A3777-64BD-44AB-BD88-9A253FB40CFC}"
EndProject
Global
	GlobalSection(SolutionConfigurationPlatforms) = preSolution
		Debug|Any CPU = Debug|Any CPU
		Release|Any CPU = Release|Any CPU
	EndGlobalSection
	GlobalSection(ProjectConfigurationPlatforms) = postSolution
		{C57A3777-64BD-44AB-BD88-9A253FB40CFC}.Debug|Any CPU.ActiveCfg = Debug|Any CPU
		{C57A3777-64BD-44AB-BD88-9A253FB40CFC}.Debug|Any CPU.Build.0 = Debug|Any CPU
		{C57A3777-64BD-44AB-BD88-9A253FB40CFC}.Release|Any CPU.ActiveCfg = Release|Any CPU
		{C57A3777-64BD-44AB-BD88-9A253FB40CFC}.Release|Any CPU.Build.0 = Release|Any CPU
	EndGlobalSection
	GlobalSection(SolutionProperties) = preSolution
		HideSolutionNode = FALSE
	EndGlobalSection
	GlobalSection(ExtensibilityGlobals) = postSolution
		SolutionGuid = {2D73F934-0385-4D81-AB68-8A97042B3B29}
	EndGlobalSection
EndGlobal
